
Microsoft Visual Studio Solution File, Format Version 12.00
# Visual Studio Version 16
VisualStudioVersion = 16.0.30225.117
MinimumVisualStudioVersion = 10.0.40219.1
Project("{FAE04EC0-301F-11D3-BF4B-00C04F79EFBC}") = "Day1_Temperature", "ConsoleApp1\Day1_Temperature.csproj", "{7D0F1329-6FF6-4507-A744-8099B4C13423}"
EndProject
Project("{9A19103F-16F7-4668-BE54-9A1E7A4F7556}") = "Day2_Voron", "Day2_Voron\Day2_Voron.csproj", "{A1E97D72-F947-4EAB-B4D8-13428BB59736}"
EndProject
Project("{FAE04EC0-301F-11D3-BF4B-00C04F79EFBC}") = "Day2_Fibonachy", "Day2_Fibonachy\Day2_Fibonachy.csproj", "{D83356DE-833A-4E10-92F6-1125FE4CDAE6}"
EndProject
Project("{FAE04EC0-301F-11D3-BF4B-00C04F79EFBC}") = "Day2_Arreys", "Day2_Arreys\Day2_Arreys.csproj", "{8C06FD36-77E5-46C0-8D37-DEC8EC93EACD}"
EndProject
Project("{FAE04EC0-301F-11D3-BF4B-00C04F79EFBC}") = "Day2_CollectionList", "CollectionList\Day2_CollectionList.csproj", "{BB87BFA1-701C-45BF-95BE-F6B1F7027A8B}"
EndProject
Project("{FAE04EC0-301F-11D3-BF4B-00C04F79EFBC}") = "Day3_Struct", "Day3_Struct\Day3_Struct.csproj", "{D2A856BD-E10E-48B9-9C56-16398720C5F2}"
EndProject
Project("{FAE04EC0-301F-11D3-BF4B-00C04F79EFBC}") = "Day3_Quadratic", "day3_Quadratic\Day3_Quadratic.csproj", "{4C9F270D-1090-4676-A9FC-E9A08F66C9CA}"
EndProject
Project("{FAE04EC0-301F-11D3-BF4B-00C04F79EFBC}") = "Day3_OOP", "Day3_OOP\Day3_OOP.csproj", "{8229AA32-9538-41E3-B507-AE42AA5CC3D2}"
EndProject
Global
	GlobalSection(SolutionConfigurationPlatforms) = preSolution
		Debug|Any CPU = Debug|Any CPU
		Release|Any CPU = Release|Any CPU
	EndGlobalSection
	GlobalSection(ProjectConfigurationPlatforms) = postSolution
		{7D0F1329-6FF6-4507-A744-8099B4C13423}.Debug|Any CPU.ActiveCfg = Debug|Any CPU
		{7D0F1329-6FF6-4507-A744-8099B4C13423}.Debug|Any CPU.Build.0 = Debug|Any CPU
		{7D0F1329-6FF6-4507-A744-8099B4C13423}.Release|Any CPU.ActiveCfg = Release|Any CPU
		{7D0F1329-6FF6-4507-A744-8099B4C13423}.Release|Any CPU.Build.0 = Release|Any CPU
		{A1E97D72-F947-4EAB-B4D8-13428BB59736}.Debug|Any CPU.ActiveCfg = Debug|Any CPU
		{A1E97D72-F947-4EAB-B4D8-13428BB59736}.Debug|Any CPU.Build.0 = Debug|Any CPU
		{A1E97D72-F947-4EAB-B4D8-13428BB59736}.Release|Any CPU.ActiveCfg = Release|Any CPU
		{A1E97D72-F947-4EAB-B4D8-13428BB59736}.Release|Any CPU.Build.0 = Release|Any CPU
		{D83356DE-833A-4E10-92F6-1125FE4CDAE6}.Debug|Any CPU.ActiveCfg = Debug|Any CPU
		{D83356DE-833A-4E10-92F6-1125FE4CDAE6}.Debug|Any CPU.Build.0 = Debug|Any CPU
		{D83356DE-833A-4E10-92F6-1125FE4CDAE6}.Release|Any CPU.ActiveCfg = Release|Any CPU
		{D83356DE-833A-4E10-92F6-1125FE4CDAE6}.Release|Any CPU.Build.0 = Release|Any CPU
		{8C06FD36-77E5-46C0-8D37-DEC8EC93EACD}.Debug|Any CPU.ActiveCfg = Debug|Any CPU
		{8C06FD36-77E5-46C0-8D37-DEC8EC93EACD}.Debug|Any CPU.Build.0 = Debug|Any CPU
		{8C06FD36-77E5-46C0-8D37-DEC8EC93EACD}.Release|Any CPU.ActiveCfg = Release|Any CPU
		{8C06FD36-77E5-46C0-8D37-DEC8EC93EACD}.Release|Any CPU.Build.0 = Release|Any CPU
		{BB87BFA1-701C-45BF-95BE-F6B1F7027A8B}.Debug|Any CPU.ActiveCfg = Debug|Any CPU
		{BB87BFA1-701C-45BF-95BE-F6B1F7027A8B}.Debug|Any CPU.Build.0 = Debug|Any CPU
		{BB87BFA1-701C-45BF-95BE-F6B1F7027A8B}.Release|Any CPU.ActiveCfg = Release|Any CPU
		{BB87BFA1-701C-45BF-95BE-F6B1F7027A8B}.Release|Any CPU.Build.0 = Release|Any CPU
		{D2A856BD-E10E-48B9-9C56-16398720C5F2}.Debug|Any CPU.ActiveCfg = Debug|Any CPU
		{D2A856BD-E10E-48B9-9C56-16398720C5F2}.Debug|Any CPU.Build.0 = Debug|Any CPU
		{D2A856BD-E10E-48B9-9C56-16398720C5F2}.Release|Any CPU.ActiveCfg = Release|Any CPU
		{D2A856BD-E10E-48B9-9C56-16398720C5F2}.Release|Any CPU.Build.0 = Release|Any CPU
		{4C9F270D-1090-4676-A9FC-E9A08F66C9CA}.Debug|Any CPU.ActiveCfg = Debug|Any CPU
		{4C9F270D-1090-4676-A9FC-E9A08F66C9CA}.Debug|Any CPU.Build.0 = Debug|Any CPU
		{4C9F270D-1090-4676-A9FC-E9A08F66C9CA}.Release|Any CPU.ActiveCfg = Release|Any CPU
		{4C9F270D-1090-4676-A9FC-E9A08F66C9CA}.Release|Any CPU.Build.0 = Release|Any CPU
		{8229AA32-9538-41E3-B507-AE42AA5CC3D2}.Debug|Any CPU.ActiveCfg = Debug|Any CPU
		{8229AA32-9538-41E3-B507-AE42AA5CC3D2}.Debug|Any CPU.Build.0 = Debug|Any CPU
		{8229AA32-9538-41E3-B507-AE42AA5CC3D2}.Release|Any CPU.ActiveCfg = Release|Any CPU
		{8229AA32-9538-41E3-B507-AE42AA5CC3D2}.Release|Any CPU.Build.0 = Release|Any CPU
	EndGlobalSection
	GlobalSection(SolutionProperties) = preSolution
		HideSolutionNode = FALSE
	EndGlobalSection
	GlobalSection(ExtensibilityGlobals) = postSolution
		SolutionGuid = {1E827DBA-3FB5-473E-8A0A-4AA6D00A9ECD}
	EndGlobalSection
EndGlobal
